
Microsoft Visual Studio Solution File, Format Version 12.00
# Visual Studio Version 16
VisualStudioVersion = 16.0.30114.105
MinimumVisualStudioVersion = 10.0.40219.1
Project("{2150E333-8FDC-42A3-9474-1A3956D46DE8}") = "src", "src", "{FC5BAFFE-5892-4138-963E-DB4A6EA68E4E}"
EndProject
Project("{FAE04EC0-301F-11D3-BF4B-00C04F79EFBC}") = "Bender.Web", "src\Bender.Web\Bender.Web.csproj", "{456316AA-2584-44C0-84C6-C8B2E07EEB11}"
EndProject
Global
	GlobalSection(SolutionConfigurationPlatforms) = preSolution
		Debug|Any CPU = Debug|Any CPU
		Release|Any CPU = Release|Any CPU
	EndGlobalSection
	GlobalSection(SolutionProperties) = preSolution
		HideSolutionNode = FALSE
	EndGlobalSection
	GlobalSection(ProjectConfigurationPlatforms) = postSolution
		{456316AA-2584-44C0-84C6-C8B2E07EEB11}.Debug|Any CPU.ActiveCfg = Debug|Any CPU
		{456316AA-2584-44C0-84C6-C8B2E07EEB11}.Debug|Any CPU.Build.0 = Debug|Any CPU
		{456316AA-2584-44C0-84C6-C8B2E07EEB11}.Release|Any CPU.ActiveCfg = Release|Any CPU
		{456316AA-2584-44C0-84C6-C8B2E07EEB11}.Release|Any CPU.Build.0 = Release|Any CPU
	EndGlobalSection
	GlobalSection(NestedProjects) = preSolution
		{456316AA-2584-44C0-84C6-C8B2E07EEB11} = {FC5BAFFE-5892-4138-963E-DB4A6EA68E4E}
	EndGlobalSection
EndGlobal
